
Microsoft Visual Studio Solution File, Format Version 12.00
# Visual Studio Version 17
VisualStudioVersion = 17.0.31717.71
MinimumVisualStudioVersion = 10.0.40219.1
Project("{9A19103F-16F7-4668-BE54-9A1E7A4F7556}") = "GlobalAzure2022.Wasm", "GlobalAzure2022.Wasm.csproj", "{475D0489-AC8F-45A9-B827-AA5C24007849}"
EndProject
Global
	GlobalSection(SolutionConfigurationPlatforms) = preSolution
		Debug|Any CPU = Debug|Any CPU
		Release|Any CPU = Release|Any CPU
	EndGlobalSection
	GlobalSection(ProjectConfigurationPlatforms) = postSolution
		{475D0489-AC8F-45A9-B827-AA5C24007849}.Debug|Any CPU.ActiveCfg = Debug|Any CPU
		{475D0489-AC8F-45A9-B827-AA5C24007849}.Debug|Any CPU.Build.0 = Debug|Any CPU
		{475D0489-AC8F-45A9-B827-AA5C24007849}.Release|Any CPU.ActiveCfg = Release|Any CPU
		{475D0489-AC8F-45A9-B827-AA5C24007849}.Release|Any CPU.Build.0 = Release|Any CPU
	EndGlobalSection
	GlobalSection(SolutionProperties) = preSolution
		HideSolutionNode = FALSE
	EndGlobalSection
	GlobalSection(ExtensibilityGlobals) = postSolution
		SolutionGuid = {5887A5B6-F58C-4AFA-9DAA-C439B3376827}
	EndGlobalSection
EndGlobal