
Microsoft Visual Studio Solution File, Format Version 12.00
# Visual Studio Version 17
VisualStudioVersion = 17.1.32414.318
MinimumVisualStudioVersion = 10.0.40219.1
Project("{2150E333-8FDC-42A3-9474-1A3956D46DE8}") = "90 Presentation", "90 Presentation", "{5F474E05-7ACD-4860-90F7-144F4DC48699}"
EndProject
Project("{9A19103F-16F7-4668-BE54-9A1E7A4F7556}") = "GlobalAzure2022.Pubs", "GlobalAzure2022.Pubs\GlobalAzure2022.Pubs.csproj", "{D4FFF5A5-ACBD-4363-A900-F1B5C37E0A5C}"
EndProject
Project("{2150E333-8FDC-42A3-9474-1A3956D46DE8}") = "60 Modules", "60 Modules", "{05875B99-1B8C-40AD-BF63-F555299AB27F}"
EndProject
Project("{2150E333-8FDC-42A3-9474-1A3956D46DE8}") = "Tests", "Tests", "{0D408261-21A1-4506-9B10-F2E60BB51CB7}"
EndProject
Project("{FAE04EC0-301F-11D3-BF4B-00C04F79EFBC}") = "GlobalAzure2022.Pubs.Tests", "GlobalAzure2022.Pubs.Tests\GlobalAzure2022.Pubs.Tests.csproj", "{E6BCCD9C-9C98-4D7D-8F5B-F5BF4CE1C909}"
EndProject
Project("{2150E333-8FDC-42A3-9474-1A3956D46DE8}") = "Pubs", "Pubs", "{F2C60456-BA26-4EBD-A8B5-1EA441C060A6}"
EndProject
Project("{9A19103F-16F7-4668-BE54-9A1E7A4F7556}") = "GlobalAzure2022.Modules.Pubs", "GlobalAzure2022.Modules.Pubs\GlobalAzure2022.Modules.Pubs.csproj", "{AB33E0C9-871C-455F-9433-09B00B1D67C9}"
EndProject
Project("{9A19103F-16F7-4668-BE54-9A1E7A4F7556}") = "GlobalAzure2022.Modules.Pubs.Extensions", "GlobalAzure2022.Modules.Pubs.Extensions\GlobalAzure2022.Modules.Pubs.Extensions.csproj", "{4A2F6489-1CE7-4C3C-B22A-6B920E6D5A68}"
EndProject
Global
	GlobalSection(SolutionConfigurationPlatforms) = preSolution
		Debug|Any CPU = Debug|Any CPU
		Release|Any CPU = Release|Any CPU
	EndGlobalSection
	GlobalSection(ProjectConfigurationPlatforms) = postSolution
		{D4FFF5A5-ACBD-4363-A900-F1B5C37E0A5C}.Debug|Any CPU.ActiveCfg = Debug|Any CPU
		{D4FFF5A5-ACBD-4363-A900-F1B5C37E0A5C}.Debug|Any CPU.Build.0 = Debug|Any CPU
		{D4FFF5A5-ACBD-4363-A900-F1B5C37E0A5C}.Release|Any CPU.ActiveCfg = Release|Any CPU
		{D4FFF5A5-ACBD-4363-A900-F1B5C37E0A5C}.Release|Any CPU.Build.0 = Release|Any CPU
		{E6BCCD9C-9C98-4D7D-8F5B-F5BF4CE1C909}.Debug|Any CPU.ActiveCfg = Debug|Any CPU
		{E6BCCD9C-9C98-4D7D-8F5B-F5BF4CE1C909}.Debug|Any CPU.Build.0 = Debug|Any CPU
		{E6BCCD9C-9C98-4D7D-8F5B-F5BF4CE1C909}.Release|Any CPU.ActiveCfg = Release|Any CPU
		{E6BCCD9C-9C98-4D7D-8F5B-F5BF4CE1C909}.Release|Any CPU.Build.0 = Release|Any CPU
		{AB33E0C9-871C-455F-9433-09B00B1D67C9}.Debug|Any CPU.ActiveCfg = Debug|Any CPU
		{AB33E0C9-871C-455F-9433-09B00B1D67C9}.Debug|Any CPU.Build.0 = Debug|Any CPU
		{AB33E0C9-871C-455F-9433-09B00B1D67C9}.Release|Any CPU.ActiveCfg = Release|Any CPU
		{AB33E0C9-871C-455F-9433-09B00B1D67C9}.Release|Any CPU.Build.0 = Release|Any CPU
		{4A2F6489-1CE7-4C3C-B22A-6B920E6D5A68}.Debug|Any CPU.ActiveCfg = Debug|Any CPU
		{4A2F6489-1CE7-4C3C-B22A-6B920E6D5A68}.Debug|Any CPU.Build.0 = Debug|Any CPU
		{4A2F6489-1CE7-4C3C-B22A-6B920E6D5A68}.Release|Any CPU.ActiveCfg = Release|Any CPU
		{4A2F6489-1CE7-4C3C-B22A-6B920E6D5A68}.Release|Any CPU.Build.0 = Release|Any CPU
	EndGlobalSection
	GlobalSection(SolutionProperties) = preSolution
		HideSolutionNode = FALSE
	EndGlobalSection
	GlobalSection(NestedProjects) = preSolution
		{D4FFF5A5-ACBD-4363-A900-F1B5C37E0A5C} = {5F474E05-7ACD-4860-90F7-144F4DC48699}
		{0D408261-21A1-4506-9B10-F2E60BB51CB7} = {5F474E05-7ACD-4860-90F7-144F4DC48699}
		{E6BCCD9C-9C98-4D7D-8F5B-F5BF4CE1C909} = {0D408261-21A1-4506-9B10-F2E60BB51CB7}
		{F2C60456-BA26-4EBD-A8B5-1EA441C060A6} = {05875B99-1B8C-40AD-BF63-F555299AB27F}
		{AB33E0C9-871C-455F-9433-09B00B1D67C9} = {F2C60456-BA26-4EBD-A8B5-1EA441C060A6}
		{4A2F6489-1CE7-4C3C-B22A-6B920E6D5A68} = {F2C60456-BA26-4EBD-A8B5-1EA441C060A6}
	EndGlobalSection
	GlobalSection(ExtensibilityGlobals) = postSolution
		SolutionGuid = {8C7FB57C-6B37-45D5-9E11-DF98A44F0C97}
	EndGlobalSection
EndGlobal
